{
  "version": 4,
  "terraform_version": "1.12.2",
  "serial": 7,
  "lineage": "7bbc5a3d-3894-fef7-57b7-129aa3bccc0d",
  "outputs": {
    "generated_files": {
      "value": {
        "learning_roadmap": "outputs/learning-roadmap.md",
        "progress_report": "outputs/progress-report.txt",
        "project_config": "outputs/project-config.json",
        "readme_md": "README.md"
      },
      "type": [
        "object",
        {
          "learning_roadmap": "string",
          "progress_report": "string",
          "project_config": "string",
          "readme_md": "string"
        }
      ]
    },
    "learning_stats": {
      "value": {
        "mastered_count": 5,
        "next_milestone": "¡Más de la mitad!",
        "progress_percent": 50,
        "remaining_count": 5,
        "total_tools": 10
      },
      "type": [
        "object",
        {
          "mastered_count": "number",
          "next_milestone": "string",
          "progress_percent": "number",
          "remaining_count": "number",
          "total_tools": "number"
        }
      ]
    },
    "project_summary": {
      "value": {
        "created_at": "2025-07-15 20:58:49",
        "files_generated": 4,
        "progress_percent": 50,
        "project_id": "916b868909b163bb",
        "student": "RobertoRossa",
        "tools_mastered": 5,
        "tools_to_learn": 5
      },
      "type": [
        "object",
        {
          "created_at": "string",
          "files_generated": "number",
          "progress_percent": "number",
          "project_id": "string",
          "student": "string",
          "tools_mastered": "number",
          "tools_to_learn": "number"
        }
      ]
    },
    "quick_commands": {
      "value": {
        "list_files": "find . -name '*.tf' -o -name '*.json' -o -name '*.md' -o -name '*.txt'",
        "view_config": "cat outputs/project-config.json | jq .",
        "view_progress": "cat outputs/progress-report.txt",
        "view_readme": "cat README.md",
        "view_roadmap": "cat outputs/learning-roadmap.md"
      },
      "type": [
        "object",
        {
          "list_files": "string",
          "view_config": "string",
          "view_progress": "string",
          "view_readme": "string",
          "view_roadmap": "string"
        }
      ]
    }
  },
  "resources": [
    {
      "mode": "managed",
      "type": "local_file",
      "name": "learning_roadmap",
      "provider": "provider[\"registry.terraform.io/hashicorp/local\"]",
      "instances": [
        {
          "index_key": 0,
          "schema_version": 0,
          "attributes": {
            "content": "# 🗺️ Mi Roadmap DevOps Personal\n\n**Desarrollado por:** RobertoRossa  \n**GitHub:** [rcrossa](https://github.com/rcrossa)  \n**Lenguaje Favorito:** Python  \n**Día Actual:** 22/90  \n\n## 🌟 Mi Journey Hasta Ahora\n\n### 🏆 Skills Dominados\n1. **Git** ✅\n2. **Linux** ✅\n3. **Docker** ✅\n4. **Docker Compose** ✅\n5. **Terraform** ✅\n\n### 🎯 Próximos Objetivos\n1. **Kubernetes** 📖\n2. **Helm** 📖\n3. **ArgoCD** 📖\n4. **Prometheus** 📖\n5. **Grafana** 📖\n\n## 📅 Plan de Acción\n\n### Semana 4: Infrastructure as Code\n- [x] **Día 22:** Terraform Basics (HOY)\n- [ ] **Día 23:** Variables y Funciones\n- [ ] **Día 24:** Módulos y Estructura\n- [ ] **Día 25:** Providers y Resources\n- [ ] **Día 26:** Estado Remoto\n- [ ] **Día 27:** CI/CD con Terraform\n- [ ] **Día 28:** Proyecto Final\n\n### 🚀 Proyectos Futuros\n- [ ] Infraestructura multi-cloud con Terraform\n- [ ] Pipeline CI/CD completo\n- [ ] Monitoreo con Prometheus + Grafana\n- [ ] Orquestación con Kubernetes\n\n## 💭 Reflexiones\n\n\u003e \"La infraestructura como código no es solo una herramienta,\n\u003e es una mentalidad que transforma cómo gestionamos la tecnología.\"\n\n---\n*Actualizado automáticamente - Día 22*",
            "content_base64": null,
            "content_base64sha256": "nWKPySRAUXEdNXR8zlEvD5Ni2xg40TZk0b/cQE1kicg=",
            "content_base64sha512": "lppUkK5SXFxlwLyo/opwJZQBXWAVYgdjkYnFTDBnQP8mjru17Xa9HN+erLGVKVdM01vXzxatIUxNvZquoIdT1Q==",
            "content_md5": "9ab4e5ac6efcb4736270de893fc3c996",
            "content_sha1": "550a59c5b17252413cfca5ee87d580d3757584da",
            "content_sha256": "9d628fc9244051711d35747cce512f0f9362db1838d13664d1bfdc404d6489c8",
            "content_sha512": "969a5490ae525c5c65c0bca8fe8a702594015d60156207639189c54c306740ff268ebbb5ed76bd1cdf9eacb19529574cd35bd7cf16ad214c4dbd9aaea08753d5",
            "directory_permission": "0777",
            "file_permission": "0777",
            "filename": "outputs/learning-roadmap.md",
            "id": "550a59c5b17252413cfca5ee87d580d3757584da",
            "sensitive_content": null,
            "source": null
          },
          "sensitive_attributes": [
            [
              {
                "type": "get_attr",
                "value": "sensitive_content"
              }
            ]
          ],
          "identity_schema_version": 0
        }
      ]
    },
    {
      "mode": "managed",
      "type": "local_file",
      "name": "progress_report",
      "provider": "provider[\"registry.terraform.io/hashicorp/local\"]",
      "instances": [
        {
          "index_key": 0,
          "schema_version": 0,
          "attributes": {
            "content": "===========================================\n📊 REPORTE DE PROGRESO - DÍA 22\n===========================================\n\n👨‍💻 Estudiante: RobertoRossa\n📅 Fecha: 2025-07-15 20:58:49\n🎯 Progreso General: 50%\n\n📈 ESTADÍSTICAS:\n- Herramientas dominadas: 5\n- Por aprender: 5\n- Total en roadmap: 10\n\n✅ HERRAMIENTAS DOMINADAS:\n  ✓ Git\n  ✓ Linux\n  ✓ Docker\n  ✓ Docker Compose\n  ✓ Terraform\n\n📚 PRÓXIMAS HERRAMIENTAS:\n  ◯ Kubernetes\n  ◯ Helm\n  ◯ ArgoCD\n  ◯ Prometheus\n  ◯ Grafana\n\n💪 ¡Sigue así! Cada día te acercas más a ser un \n   DevOps Engineer completo.\n\n===========================================\nGenerado por Terraform - Infrastructure as Code",
            "content_base64": null,
            "content_base64sha256": "YMAgFMU6lGgR+4pSYNhreQ8rwN4d2gbLCExabx9rHsA=",
            "content_base64sha512": "tJFEksTNSXZ1MPTJkxcno68wLb6/3E3vUOTphgqg+liKayKVrXbYPJfuCjslOhaoLocGuuPzgy/teuV7zZXzog==",
            "content_md5": "6e656560616367b27dfd5ec283959ccc",
            "content_sha1": "72ffdccfeb2027a253e14dd2ef93483e88616741",
            "content_sha256": "60c02014c53a946811fb8a5260d86b790f2bc0de1dda06cb084c5a6f1f6b1ec0",
            "content_sha512": "b4914492c4cd49767530f4c9931727a3af302dbebfdc4def50e4e9860aa0fa588a6b2295ad76d83c97ee0a3b253a16a82e8706bae3f3832fed7ae57bcd95f3a2",
            "directory_permission": "0777",
            "file_permission": "0777",
            "filename": "outputs/progress-report.txt",
            "id": "72ffdccfeb2027a253e14dd2ef93483e88616741",
            "sensitive_content": null,
            "source": null
          },
          "sensitive_attributes": [
            [
              {
                "type": "get_attr",
                "value": "sensitive_content"
              }
            ]
          ],
          "identity_schema_version": 0,
          "dependencies": [
            "time_static.creation_time"
          ]
        }
      ]
    },
    {
      "mode": "managed",
      "type": "local_file",
      "name": "project_config",
      "provider": "provider[\"registry.terraform.io/hashicorp/local\"]",
      "instances": [
        {
          "index_key": 0,
          "schema_version": 0,
          "attributes": {
            "content": "{\"files_generated\":[\"config\",\"progress\",\"readme\",\"roadmap\"],\"learning\":{\"progress_percent\":50,\"tools_mastered\":[\"Git\",\"Linux\",\"Docker\",\"Docker Compose\",\"Terraform\"],\"tools_to_learn\":[\"Kubernetes\",\"Helm\",\"ArgoCD\",\"Prometheus\",\"Grafana\"],\"total_tools\":10},\"project\":{\"created_at\":\"2025-07-15 20:58:49\",\"day\":22,\"environment\":\"learning\",\"github_user\":\"rcrossa\",\"id\":\"916b868909b163bb\",\"language\":\"Python\",\"name\":\"devops-journey\",\"student\":\"RobertoRossa\"},\"terraform\":{\"providers\":{\"local\":\"~\\u003e 2.4\",\"random\":\"~\\u003e 3.4\"},\"version\":\"1.6+\"}}",
            "content_base64": null,
            "content_base64sha256": "2V7FmXNI0kDw/YQ2IBFLuXa5qegHVf5wNsNZIosOl1k=",
            "content_base64sha512": "UGRqezOg0OUHqQti6jfz6/UltWM/03PJ+FvZXIA6MrrRMJxZqXTXTc+y7VHoRgFDt7wAkmvScoK+vwgvGvUvKg==",
            "content_md5": "35b3a8e45c8e900b0daf51e3dd6cfd7b",
            "content_sha1": "2ad09dd09a5973521f017fab2971f4428c1df9a9",
            "content_sha256": "d95ec5997348d240f0fd843620114bb976b9a9e80755fe7036c359228b0e9759",
            "content_sha512": "50646a7b33a0d0e507a90b62ea37f3ebf525b5633fd373c9f85bd95c803a32bad1309c59a974d74dcfb2ed51e8460143b7bc00926bd27282bebf082f1af52f2a",
            "directory_permission": "0777",
            "file_permission": "0777",
            "filename": "outputs/project-config.json",
            "id": "2ad09dd09a5973521f017fab2971f4428c1df9a9",
            "sensitive_content": null,
            "source": null
          },
          "sensitive_attributes": [
            [
              {
                "type": "get_attr",
                "value": "sensitive_content"
              }
            ]
          ],
          "identity_schema_version": 0,
          "dependencies": [
            "random_id.project_id",
            "time_static.creation_time"
          ]
        }
      ]
    },
    {
      "mode": "managed",
      "type": "local_file",
      "name": "readme",
      "provider": "provider[\"registry.terraform.io/hashicorp/local\"]",
      "instances": [
        {
          "index_key": 0,
          "schema_version": 0,
          "attributes": {
            "content": "# 🚀 devops-journey - Día 22\n\n**Estudiante:** RobertoRossa  \n**GitHub:** [@rcrossa](https://github.com/rcrossa)  \n**Progreso:** 50% completado  \n**Creado:** 2025-07-15 20:58:49  \n\n## 📊 Mi Progreso DevOps\n\n### ✅ Herramientas Dominadas (5)\n- [x] Git\n- [x] Linux\n- [x] Docker\n- [x] Docker Compose\n- [x] Terraform\n\n### 📚 Por Aprender (5)\n- [ ] Kubernetes\n- [ ] Helm\n- [ ] ArgoCD\n- [ ] Prometheus\n- [ ] Grafana\n\n## 🎯 Objetivos del Día 22\n\n- [x] Entender Infrastructure as Code\n- [x] Instalar Terraform\n- [x] Crear primer proyecto\n- [x] Manejar variables y outputs\n- [x] Usar templates y funciones\n\n## 🏗️ Lo que he construido hoy\n\nEste proyecto fue generado automáticamente usando **Terraform** y demuestra:\n\n- 📝 Variables y tipos de datos\n- 🧮 Locals y expresiones\n- 📄 Templates con interpolación\n- 📊 Outputs estructurados\n- 🔢 Funciones built-in\n\n## 🚀 Siguiente Paso\n\nMañana aprenderé sobre variables avanzadas, funciones y gestión de configuración en Terraform.\n\n---\n*Proyecto ID: `916b868909b163bb`*  \n*Generado automáticamente por Terraform 🤖*",
            "content_base64": null,
            "content_base64sha256": "Ue0iS8moS3W8BvNmPqZF9K2UTO9KbRlGudoQba2JSdk=",
            "content_base64sha512": "TNqYb7ICudy4h6ApNLEXjdsc3KKTmNkmD3YppAM8+ozeWzBX93PRJBuVl+Ujes6wH5CMQlVwhFCco/22B9sKtw==",
            "content_md5": "f547cdfb69b220c9ed8ef1f694743f20",
            "content_sha1": "385356120106591b764489520f83748b729990b3",
            "content_sha256": "51ed224bc9a84b75bc06f3663ea645f4ad944cef4a6d1946b9da106dad8949d9",
            "content_sha512": "4cda986fb202b9dcb887a02934b1178ddb1cdca29398d9260f7629a4033cfa8cde5b3057f773d1241b9597e5237aceb01f908c42557084509ca3fdb607db0ab7",
            "directory_permission": "0777",
            "file_permission": "0777",
            "filename": "README.md",
            "id": "385356120106591b764489520f83748b729990b3",
            "sensitive_content": null,
            "source": null
          },
          "sensitive_attributes": [
            [
              {
                "type": "get_attr",
                "value": "sensitive_content"
              }
            ]
          ],
          "identity_schema_version": 0,
          "dependencies": [
            "random_id.project_id",
            "time_static.creation_time"
          ]
        }
      ]
    },
    {
      "mode": "managed",
      "type": "random_id",
      "name": "project_id",
      "provider": "provider[\"registry.terraform.io/hashicorp/random\"]",
      "instances": [
        {
          "schema_version": 0,
          "attributes": {
            "b64_std": "kWuGiQmxY7s=",
            "b64_url": "kWuGiQmxY7s",
            "byte_length": 8,
            "dec": "10478616881138852795",
            "hex": "916b868909b163bb",
            "id": "kWuGiQmxY7s",
            "keepers": null,
            "prefix": null
          },
          "sensitive_attributes": [],
          "identity_schema_version": 0
        }
      ]
    },
    {
      "mode": "managed",
      "type": "time_static",
      "name": "creation_time",
      "provider": "provider[\"registry.terraform.io/hashicorp/time\"]",
      "instances": [
        {
          "schema_version": 0,
          "attributes": {
            "day": 15,
            "hour": 20,
            "id": "2025-07-15T20:58:49Z",
            "minute": 58,
            "month": 7,
            "rfc3339": "2025-07-15T20:58:49Z",
            "second": 49,
            "triggers": null,
            "unix": 1752613129,
            "year": 2025
          },
          "sensitive_attributes": [],
          "identity_schema_version": 0
        }
      ]
    }
  ],
  "check_results": [
    {
      "object_kind": "var",
      "config_addr": "var.favorite_language",
      "status": "pass",
      "objects": [
        {
          "object_addr": "var.favorite_language",
          "status": "pass"
        }
      ]
    },
    {
      "object_kind": "var",
      "config_addr": "var.project_config",
      "status": "pass",
      "objects": [
        {
          "object_addr": "var.project_config",
          "status": "pass"
        }
      ]
    },
    {
      "object_kind": "var",
      "config_addr": "var.student_name",
      "status": "pass",
      "objects": [
        {
          "object_addr": "var.student_name",
          "status": "pass"
        }
      ]
    }
  ]
}
